
Microsoft Visual Studio Solution File, Format Version 12.00
# Visual Studio 15
VisualStudioVersion = 15.0.26430.12
MinimumVisualStudioVersion = 10.0.40219.1
Project("{FAE04EC0-301F-11D3-BF4B-00C04F79EFBC}") = "WebSentiment", "WebSentiment\WebSentiment.csproj", "{8E67A72A-FB73-4460-B30D-B7790C425035}"
EndProject
Project("{FAE04EC0-301F-11D3-BF4B-00C04F79EFBC}") = "UnitTest", "UnitTest\UnitTest.csproj", "{CDF53043-A40F-41F0-ADCA-F9C58386E123}"
EndProject
Project("{FAE04EC0-301F-11D3-BF4B-00C04F79EFBC}") = "UnitTestProject", "UnitTestProject\UnitTestProject.csproj", "{1E31A1EF-26DA-4BA9-9223-7E30A7EAE3D3}"
EndProject
Global
	GlobalSection(SolutionConfigurationPlatforms) = preSolution
		Debug|Any CPU = Debug|Any CPU
		Debug|ARM = Debug|ARM
		Debug|x64 = Debug|x64
		Debug|x86 = Debug|x86
		Release|Any CPU = Release|Any CPU
		Release|ARM = Release|ARM
		Release|x64 = Release|x64
		Release|x86 = Release|x86
	EndGlobalSection
	GlobalSection(ProjectConfigurationPlatforms) = postSolution
		{8E67A72A-FB73-4460-B30D-B7790C425035}.Debug|Any CPU.ActiveCfg = Debug|x86
		{8E67A72A-FB73-4460-B30D-B7790C425035}.Debug|Any CPU.Build.0 = Debug|x86
		{8E67A72A-FB73-4460-B30D-B7790C425035}.Debug|Any CPU.Deploy.0 = Debug|x86
		{8E67A72A-FB73-4460-B30D-B7790C425035}.Debug|ARM.ActiveCfg = Debug|ARM
		{8E67A72A-FB73-4460-B30D-B7790C425035}.Debug|ARM.Build.0 = Debug|ARM
		{8E67A72A-FB73-4460-B30D-B7790C425035}.Debug|ARM.Deploy.0 = Debug|ARM
		{8E67A72A-FB73-4460-B30D-B7790C425035}.Debug|x64.ActiveCfg = Debug|x64
		{8E67A72A-FB73-4460-B30D-B7790C425035}.Debug|x64.Build.0 = Debug|x64
		{8E67A72A-FB73-4460-B30D-B7790C425035}.Debug|x64.Deploy.0 = Debug|x64
		{8E67A72A-FB73-4460-B30D-B7790C425035}.Debug|x86.ActiveCfg = Debug|x86
		{8E67A72A-FB73-4460-B30D-B7790C425035}.Debug|x86.Build.0 = Debug|x86
		{8E67A72A-FB73-4460-B30D-B7790C425035}.Debug|x86.Deploy.0 = Debug|x86
		{8E67A72A-FB73-4460-B30D-B7790C425035}.Release|Any CPU.ActiveCfg = Release|x86
		{8E67A72A-FB73-4460-B30D-B7790C425035}.Release|Any CPU.Build.0 = Release|x86
		{8E67A72A-FB73-4460-B30D-B7790C425035}.Release|Any CPU.Deploy.0 = Release|x86
		{8E67A72A-FB73-4460-B30D-B7790C425035}.Release|ARM.ActiveCfg = Release|ARM
		{8E67A72A-FB73-4460-B30D-B7790C425035}.Release|ARM.Build.0 = Release|ARM
		{8E67A72A-FB73-4460-B30D-B7790C425035}.Release|ARM.Deploy.0 = Release|ARM
		{8E67A72A-FB73-4460-B30D-B7790C425035}.Release|x64.ActiveCfg = Release|x64
		{8E67A72A-FB73-4460-B30D-B7790C425035}.Release|x64.Build.0 = Release|x64
		{8E67A72A-FB73-4460-B30D-B7790C425035}.Release|x64.Deploy.0 = Release|x64
		{8E67A72A-FB73-4460-B30D-B7790C425035}.Release|x86.ActiveCfg = Release|x86
		{8E67A72A-FB73-4460-B30D-B7790C425035}.Release|x86.Build.0 = Release|x86
		{8E67A72A-FB73-4460-B30D-B7790C425035}.Release|x86.Deploy.0 = Release|x86
		{CDF53043-A40F-41F0-ADCA-F9C58386E123}.Debug|Any CPU.ActiveCfg = Debug|Any CPU
		{CDF53043-A40F-41F0-ADCA-F9C58386E123}.Debug|Any CPU.Build.0 = Debug|Any CPU
		{CDF53043-A40F-41F0-ADCA-F9C58386E123}.Debug|ARM.ActiveCfg = Debug|Any CPU
		{CDF53043-A40F-41F0-ADCA-F9C58386E123}.Debug|ARM.Build.0 = Debug|Any CPU
		{CDF53043-A40F-41F0-ADCA-F9C58386E123}.Debug|x64.ActiveCfg = Debug|Any CPU
		{CDF53043-A40F-41F0-ADCA-F9C58386E123}.Debug|x64.Build.0 = Debug|Any CPU
		{CDF53043-A40F-41F0-ADCA-F9C58386E123}.Debug|x86.ActiveCfg = Debug|Any CPU
		{CDF53043-A40F-41F0-ADCA-F9C58386E123}.Debug|x86.Build.0 = Debug|Any CPU
		{CDF53043-A40F-41F0-ADCA-F9C58386E123}.Release|Any CPU.ActiveCfg = Release|Any CPU
		{CDF53043-A40F-41F0-ADCA-F9C58386E123}.Release|Any CPU.Build.0 = Release|Any CPU
		{CDF53043-A40F-41F0-ADCA-F9C58386E123}.Release|ARM.ActiveCfg = Release|Any CPU
		{CDF53043-A40F-41F0-ADCA-F9C58386E123}.Release|ARM.Build.0 = Release|Any CPU
		{CDF53043-A40F-41F0-ADCA-F9C58386E123}.Release|x64.ActiveCfg = Release|Any CPU
		{CDF53043-A40F-41F0-ADCA-F9C58386E123}.Release|x64.Build.0 = Release|Any CPU
		{CDF53043-A40F-41F0-ADCA-F9C58386E123}.Release|x86.ActiveCfg = Release|Any CPU
		{CDF53043-A40F-41F0-ADCA-F9C58386E123}.Release|x86.Build.0 = Release|Any CPU
		{1E31A1EF-26DA-4BA9-9223-7E30A7EAE3D3}.Debug|Any CPU.ActiveCfg = Debug|x86
		{1E31A1EF-26DA-4BA9-9223-7E30A7EAE3D3}.Debug|ARM.ActiveCfg = Debug|ARM
		{1E31A1EF-26DA-4BA9-9223-7E30A7EAE3D3}.Debug|ARM.Build.0 = Debug|ARM
		{1E31A1EF-26DA-4BA9-9223-7E30A7EAE3D3}.Debug|ARM.Deploy.0 = Debug|ARM
		{1E31A1EF-26DA-4BA9-9223-7E30A7EAE3D3}.Debug|x64.ActiveCfg = Debug|x64
		{1E31A1EF-26DA-4BA9-9223-7E30A7EAE3D3}.Debug|x64.Build.0 = Debug|x64
		{1E31A1EF-26DA-4BA9-9223-7E30A7EAE3D3}.Debug|x64.Deploy.0 = Debug|x64
		{1E31A1EF-26DA-4BA9-9223-7E30A7EAE3D3}.Debug|x86.ActiveCfg = Debug|x86
		{1E31A1EF-26DA-4BA9-9223-7E30A7EAE3D3}.Debug|x86.Build.0 = Debug|x86
		{1E31A1EF-26DA-4BA9-9223-7E30A7EAE3D3}.Debug|x86.Deploy.0 = Debug|x86
		{1E31A1EF-26DA-4BA9-9223-7E30A7EAE3D3}.Release|Any CPU.ActiveCfg = Release|x86
		{1E31A1EF-26DA-4BA9-9223-7E30A7EAE3D3}.Release|Any CPU.Build.0 = Release|x86
		{1E31A1EF-26DA-4BA9-9223-7E30A7EAE3D3}.Release|Any CPU.Deploy.0 = Release|x86
		{1E31A1EF-26DA-4BA9-9223-7E30A7EAE3D3}.Release|ARM.ActiveCfg = Release|ARM
		{1E31A1EF-26DA-4BA9-9223-7E30A7EAE3D3}.Release|ARM.Build.0 = Release|ARM
		{1E31A1EF-26DA-4BA9-9223-7E30A7EAE3D3}.Release|ARM.Deploy.0 = Release|ARM
		{1E31A1EF-26DA-4BA9-9223-7E30A7EAE3D3}.Release|x64.ActiveCfg = Release|x64
		{1E31A1EF-26DA-4BA9-9223-7E30A7EAE3D3}.Release|x64.Build.0 = Release|x64
		{1E31A1EF-26DA-4BA9-9223-7E30A7EAE3D3}.Release|x64.Deploy.0 = Release|x64
		{1E31A1EF-26DA-4BA9-9223-7E30A7EAE3D3}.Release|x86.ActiveCfg = Release|x86
		{1E31A1EF-26DA-4BA9-9223-7E30A7EAE3D3}.Release|x86.Build.0 = Release|x86
		{1E31A1EF-26DA-4BA9-9223-7E30A7EAE3D3}.Release|x86.Deploy.0 = Release|x86
	EndGlobalSection
	GlobalSection(SolutionProperties) = preSolution
		HideSolutionNode = FALSE
	EndGlobalSection
EndGlobal
